
Microsoft Visual Studio Solution File, Format Version 12.00
# Visual Studio Version 17
VisualStudioVersion = 17.8.34330.188
MinimumVisualStudioVersion = 10.0.40219.1
Project("{9A19103F-16F7-4668-BE54-9A1E7A4F7556}") = "ZadanieRekrutacyjne", "ZadanieRekrutacyjne\ZadanieRekrutacyjne.csproj", "{04E42EB2-AA58-4BF6-9C2B-DEA2C8DA753A}"
EndProject
Project("{FAE04EC0-301F-11D3-BF4B-00C04F79EFBC}") = "Domain", "Domain\Domain.csproj", "{12ECAF3D-E185-4765-8DD8-4BF9D88E6373}"
EndProject
Project("{FAE04EC0-301F-11D3-BF4B-00C04F79EFBC}") = "Application", "Application\Application.csproj", "{D72B48AA-40DC-4099-BA90-6B895B2BC5E9}"
EndProject
Project("{FAE04EC0-301F-11D3-BF4B-00C04F79EFBC}") = "Infrastructure", "Infrastructure\Infrastructure.csproj", "{CD5D0B93-91A0-4436-95F7-704AFFA472CC}"
EndProject
Global
	GlobalSection(SolutionConfigurationPlatforms) = preSolution
		Debug|Any CPU = Debug|Any CPU
		Release|Any CPU = Release|Any CPU
	EndGlobalSection
	GlobalSection(ProjectConfigurationPlatforms) = postSolution
		{04E42EB2-AA58-4BF6-9C2B-DEA2C8DA753A}.Debug|Any CPU.ActiveCfg = Debug|Any CPU
		{04E42EB2-AA58-4BF6-9C2B-DEA2C8DA753A}.Debug|Any CPU.Build.0 = Debug|Any CPU
		{04E42EB2-AA58-4BF6-9C2B-DEA2C8DA753A}.Release|Any CPU.ActiveCfg = Release|Any CPU
		{04E42EB2-AA58-4BF6-9C2B-DEA2C8DA753A}.Release|Any CPU.Build.0 = Release|Any CPU
		{12ECAF3D-E185-4765-8DD8-4BF9D88E6373}.Debug|Any CPU.ActiveCfg = Debug|Any CPU
		{12ECAF3D-E185-4765-8DD8-4BF9D88E6373}.Debug|Any CPU.Build.0 = Debug|Any CPU
		{12ECAF3D-E185-4765-8DD8-4BF9D88E6373}.Release|Any CPU.ActiveCfg = Release|Any CPU
		{12ECAF3D-E185-4765-8DD8-4BF9D88E6373}.Release|Any CPU.Build.0 = Release|Any CPU
		{D72B48AA-40DC-4099-BA90-6B895B2BC5E9}.Debug|Any CPU.ActiveCfg = Debug|Any CPU
		{D72B48AA-40DC-4099-BA90-6B895B2BC5E9}.Debug|Any CPU.Build.0 = Debug|Any CPU
		{D72B48AA-40DC-4099-BA90-6B895B2BC5E9}.Release|Any CPU.ActiveCfg = Release|Any CPU
		{D72B48AA-40DC-4099-BA90-6B895B2BC5E9}.Release|Any CPU.Build.0 = Release|Any CPU
		{CD5D0B93-91A0-4436-95F7-704AFFA472CC}.Debug|Any CPU.ActiveCfg = Debug|Any CPU
		{CD5D0B93-91A0-4436-95F7-704AFFA472CC}.Debug|Any CPU.Build.0 = Debug|Any CPU
		{CD5D0B93-91A0-4436-95F7-704AFFA472CC}.Release|Any CPU.ActiveCfg = Release|Any CPU
		{CD5D0B93-91A0-4436-95F7-704AFFA472CC}.Release|Any CPU.Build.0 = Release|Any CPU
	EndGlobalSection
	GlobalSection(SolutionProperties) = preSolution
		HideSolutionNode = FALSE
	EndGlobalSection
	GlobalSection(ExtensibilityGlobals) = postSolution
		SolutionGuid = {A47D8BA9-2716-406E-9E1E-794580B6AAAD}
	EndGlobalSection
EndGlobal
